{
  "version": "5",
  "specifiers": {
    "jsr:@std/assert@^1.0.19": "1.0.19",
    "jsr:@std/internal@^1.0.12": "1.0.14",
    "npm:@remix-run/fetch-router@0.21.0": "0.21.0",
    "npm:@remix-run/html-template@0.3.1": "0.3.1",
    "npm:@remix-run/response@0.3.8": "0.3.8",
    "npm:@resvg/resvg-wasm@2.6.2": "2.6.2"
  },
  "jsr": {
    "@std/assert@1.0.19": {
      "integrity": "eaada96ee120cb980bc47e040f82814d786fe8162ecc53c91d8df60b8755991e",
      "dependencies": [
        "jsr:@std/internal"
      ]
    },
    "@std/internal@1.0.14": {
      "integrity": "291516b3d4c35024d6ffbc0a9df5bf4c64116e05b50012cf846710152d2ffdf7"
    }
  },
  "npm": {
    "@remix-run/fetch-router@0.21.0": {
      "integrity": "sha512-dN3Lsd4dHAV0USTF3Dm04effXcdr7GMgXiqeozTFDfvVIx2DbRAl94bwF6UdAWurgTOK2Oyz4cs9uadW/ylWXA==",
      "dependencies": [
        "@remix-run/route-pattern"
      ]
    },
    "@remix-run/headers@0.21.2": {
      "integrity": "sha512-M5KagifodhXZglUiYjf16TrqxYce8N7h3pKt7FUX47Vgy7mYG7PSrGN7HtJg7VX7HbOhY3bd2CuRwOojwnNDHg=="
    },
    "@remix-run/html-template@0.3.1": {
      "integrity": "sha512-4yhaBtfh1iVC1razTr+ehu1xmKia0zvE4GWQ6JF2IRiA3kmw+DlrdNFEFqx5Wn1eXAM0vxxcJLdLD7e0XMzH5A=="
    },
    "@remix-run/mime@0.4.2": {
      "integrity": "sha512-KpZZxBYIrLsvUtt2ZdwK+E2ClVmyvW11Nej6fPgwJpohBMpbCHtR78wtCTv0vqvK5ckLZ7ks2q4pV5dMYFypiA=="
    },
    "@remix-run/response@0.3.8": {
      "integrity": "sha512-ydrfv+ykKBRQg6DTHU0mSbxbOcWc3m1O7UVivO5Rgrp+K1u4Z3nqbhaMDkHbCPEFhuv1sKlQwS0Z5ClO/jGAiQ==",
      "dependencies": [
        "@remix-run/headers",
        "@remix-run/html-template",
        "@remix-run/mime"
      ]
    },
    "@remix-run/route-pattern@0.24.1": {
      "integrity": "sha512-HRee7tz2Ct7QdTQGDErHcVTAlXa5BBV6GOLEa/INw21ceTWTWlaU13FJupYVX0k1mh608rod880+SA5NlTPPfw=="
    },
    "@resvg/resvg-wasm@2.6.2": {
      "integrity": "sha512-FqALmHI8D4o6lk/LRWDnhw95z5eO+eAa6ORjVg09YRR7BkcM6oPHU9uyC0gtQG5vpFLvgpeU4+zEAz2H8APHNw=="
    }
  },
  "workspace": {
    "dependencies": [
      "jsr:@std/assert@^1.0.19",
      "npm:@remix-run/fetch-router@0.21.0",
      "npm:@remix-run/html-template@0.3.1",
      "npm:@remix-run/response@0.3.8",
      "npm:@resvg/resvg-wasm@2.6.2"
    ]
  }
}
